// !$*UTF8*$!
{
	archiveVersion = 1;
	classes = {
	};
	objectVersion = 77;
	objects = {


/* Begin PBXBuildFile section */
		A1HELPPROD301BA00200E0AFC2 /* VolePrivilegedHelper in Embed Privileged Helper */ = {isa = PBXBuildFile; fileRef = A1HELP89301BA00200E0AFC2 /* VolePrivilegedHelper */; settings = {ATTRIBUTES = (CodeSignOnCopy, ); }; };
		A1PLIST02301BA00200E0AFC2 /* cn.waytoai.vole-macos.helper.plist in Embed LaunchDaemons */ = {isa = PBXBuildFile; fileRef = A1PLIST01301BA00200E0AFC2 /* cn.waytoai.vole-macos.helper.plist */; };
/* End PBXBuildFile section */


/* Begin PBXContainerItemProxy section */
		67FB4F97301BA00200E0AFC2 /* PBXContainerItemProxy */ = {
			isa = PBXContainerItemProxy;
			containerPortal = 67FB4F81301BA00000E0AFC2 /* Project object */;
			proxyType = 1;
			remoteGlobalIDString = 67FB4F88301BA00000E0AFC2;
			remoteInfo = "vole-macos";
		};
		67FB4FA1301BA00200E0AFC2 /* PBXContainerItemProxy */ = {
			isa = PBXContainerItemProxy;
			containerPortal = 67FB4F81301BA00000E0AFC2 /* Project object */;
			proxyType = 1;
			remoteGlobalIDString = 67FB4F88301BA00000E0AFC2;
			remoteInfo = "vole-macos";
		};

		A1HELPPX1301BA00200E0AFC2 /* PBXContainerItemProxy */ = {
			isa = PBXContainerItemProxy;
			containerPortal = 67FB4F81301BA00000E0AFC2 /* Project object */;
			proxyType = 1;
			remoteGlobalIDString = A1HELP88301BA00200E0AFC2;
			remoteInfo = VolePrivilegedHelper;
		};
/* End PBXContainerItemProxy section */

/* Begin PBXFileReference section */
		67FB4F89301BA00000E0AFC2 /* Vole.app */ = {isa = PBXFileReference; explicitFileType = wrapper.application; includeInIndex = 0; path = Vole.app; sourceTree = BUILT_PRODUCTS_DIR; };
		67FB4F96301BA00200E0AFC2 /* vole-macosTests.xctest */ = {isa = PBXFileReference; explicitFileType = wrapper.cfbundle; includeInIndex = 0; path = "vole-macosTests.xctest"; sourceTree = BUILT_PRODUCTS_DIR; };
		67FB4FA0301BA00200E0AFC2 /* vole-macosUITests.xctest */ = {isa = PBXFileReference; explicitFileType = wrapper.cfbundle; includeInIndex = 0; path = "vole-macosUITests.xctest"; sourceTree = BUILT_PRODUCTS_DIR; };

		A1HELP89301BA00200E0AFC2 /* VolePrivilegedHelper */ = {isa = PBXFileReference; explicitFileType = "compiled.mach-o.executable"; includeInIndex = 0; path = VolePrivilegedHelper; sourceTree = BUILT_PRODUCTS_DIR; };
		A1PLIST01301BA00200E0AFC2 /* cn.waytoai.vole-macos.helper.plist */ = {isa = PBXFileReference; lastKnownFileType = text.plist.xml; name = "cn.waytoai.vole-macos.helper.plist"; path = "LaunchDaemons/cn.waytoai.vole-macos.helper.plist"; sourceTree = SOURCE_ROOT; };
/* End PBXFileReference section */

/* Begin PBXFileSystemSynchronizedRootGroup section */
		67FB4F8B301BA00000E0AFC2 /* vole-macos */ = {
			isa = PBXFileSystemSynchronizedRootGroup;
			path = "vole-macos";
			sourceTree = "<group>";
		};
		67FB4F99301BA00200E0AFC2 /* vole-macosTests */ = {
			isa = PBXFileSystemSynchronizedRootGroup;
			path = "vole-macosTests";
			sourceTree = "<group>";
		};
		67FB4FA3301BA00200E0AFC2 /* vole-macosUITests */ = {
			isa = PBXFileSystemSynchronizedRootGroup;
			path = "vole-macosUITests";
			sourceTree = "<group>";
		};

		A1HELP8B301BA00200E0AFC2 /* PrivilegedHelper */ = {
			isa = PBXFileSystemSynchronizedRootGroup;
			path = PrivilegedHelper;
			sourceTree = "<group>";
		};
/* End PBXFileSystemSynchronizedRootGroup section */

/* Begin PBXFrameworksBuildPhase section */
		67FB4F86301BA00000E0AFC2 /* Frameworks */ = {
			isa = PBXFrameworksBuildPhase;
			buildActionMask = 2147483647;
			files = (
			);
			runOnlyForDeploymentPostprocessing = 0;
		};
		67FB4F93301BA00200E0AFC2 /* Frameworks */ = {
			isa = PBXFrameworksBuildPhase;
			buildActionMask = 2147483647;
			files = (
			);
			runOnlyForDeploymentPostprocessing = 0;
		};
		67FB4F9D301BA00200E0AFC2 /* Frameworks */ = {
			isa = PBXFrameworksBuildPhase;
			buildActionMask = 2147483647;
			files = (
			);
			runOnlyForDeploymentPostprocessing = 0;
		};

		A1HELP86301BA00200E0AFC2 /* Frameworks */ = {
			isa = PBXFrameworksBuildPhase;
			buildActionMask = 2147483647;
			files = (
			);
			runOnlyForDeploymentPostprocessing = 0;
		};
/* End PBXFrameworksBuildPhase section */

/* Begin PBXGroup section */
		67FB4F80301BA00000E0AFC2 = {
			isa = PBXGroup;
			children = (
				67FB4F8B301BA00000E0AFC2 /* vole-macos */,
				67FB4F99301BA00200E0AFC2 /* vole-macosTests */,
				67FB4FA3301BA00200E0AFC2 /* vole-macosUITests */,
				67FB4F8A301BA00000E0AFC2 /* Products */,
			);
			sourceTree = "<group>";
		};
		67FB4F8A301BA00000E0AFC2 /* Products */ = {
			isa = PBXGroup;
			children = (
				67FB4F89301BA00000E0AFC2 /* Vole.app */,
				67FB4F96301BA00200E0AFC2 /* vole-macosTests.xctest */,
				67FB4FA0301BA00200E0AFC2 /* vole-macosUITests.xctest */,
			);
			name = Products;
			sourceTree = "<group>";
		};
/* End PBXGroup section */


/* Begin PBXCopyFilesBuildPhase section */
		A1COPYH01301BA00200E0AFC2 /* Embed Privileged Helper */ = {
			isa = PBXCopyFilesBuildPhase;
			buildActionMask = 2147483647;
			dstPath = "";
			dstSubfolderSpec = 6;
			files = (
				A1HELPPROD301BA00200E0AFC2 /* VolePrivilegedHelper in Embed Privileged Helper */,
			);
			name = "Embed Privileged Helper";
			runOnlyForDeploymentPostprocessing = 0;
		};
		A1COPYP01301BA00200E0AFC2 /* Embed LaunchDaemons */ = {
			isa = PBXCopyFilesBuildPhase;
			buildActionMask = 2147483647;
			dstPath = "Contents/Library/LaunchDaemons";
			dstSubfolderSpec = 1;
			files = (
				A1PLIST02301BA00200E0AFC2 /* cn.waytoai.vole-macos.helper.plist in Embed LaunchDaemons */,
			);
			name = "Embed LaunchDaemons";
			runOnlyForDeploymentPostprocessing = 0;
		};
/* End PBXCopyFilesBuildPhase section */

/* Begin PBXNativeTarget section */
		67FB4F88301BA00000E0AFC2 /* vole-macos */ = {
			isa = PBXNativeTarget;
			buildConfigurationList = 67FB4FAA301BA00200E0AFC2 /* Build configuration list for PBXNativeTarget "vole-macos" */;
			buildPhases = (
				A1EMBED001301BA00200E0AFC2 /* Embed vole sidecar */,
				67FB4F85301BA00000E0AFC2 /* Sources */,
				67FB4F86301BA00000E0AFC2 /* Frameworks */,
				67FB4F87301BA00000E0AFC2 /* Resources */,
				A1COPYH01301BA00200E0AFC2 /* Embed Privileged Helper */,
				A1COPYP01301BA00200E0AFC2 /* Embed LaunchDaemons */,
			);
			buildRules = (
			);
			dependencies = (
				A1HELPTD1301BA00200E0AFC2 /* PBXTargetDependency */,
			);
			fileSystemSynchronizedGroups = (
				67FB4F8B301BA00000E0AFC2 /* vole-macos */,
			);
			name = "vole-macos";
			packageProductDependencies = (
			);
			productName = "vole-macos";
			productReference = 67FB4F89301BA00000E0AFC2 /* Vole.app */;
			productType = "com.apple.product-type.application";
		};
		67FB4F95301BA00200E0AFC2 /* vole-macosTests */ = {
			isa = PBXNativeTarget;
			buildConfigurationList = 67FB4FAD301BA00200E0AFC2 /* Build configuration list for PBXNativeTarget "vole-macosTests" */;
			buildPhases = (
				67FB4F92301BA00200E0AFC2 /* Sources */,
				67FB4F93301BA00200E0AFC2 /* Frameworks */,
				67FB4F94301BA00200E0AFC2 /* Resources */,
			);
			buildRules = (
			);
			dependencies = (
				67FB4F98301BA00200E0AFC2 /* PBXTargetDependency */,
			);
			fileSystemSynchronizedGroups = (
				67FB4F99301BA00200E0AFC2 /* vole-macosTests */,
			);
			name = "vole-macosTests";
			packageProductDependencies = (
			);
			productName = "vole-macosTests";
			productReference = 67FB4F96301BA00200E0AFC2 /* vole-macosTests.xctest */;
			productType = "com.apple.product-type.bundle.unit-test";
		};
		67FB4F9F301BA00200E0AFC2 /* vole-macosUITests */ = {
			isa = PBXNativeTarget;
			buildConfigurationList = 67FB4FB0301BA00200E0AFC2 /* Build configuration list for PBXNativeTarget "vole-macosUITests" */;
			buildPhases = (
				67FB4F9C301BA00200E0AFC2 /* Sources */,
				67FB4F9D301BA00200E0AFC2 /* Frameworks */,
				67FB4F9E301BA00200E0AFC2 /* Resources */,
			);
			buildRules = (
			);
			dependencies = (
				67FB4FA2301BA00200E0AFC2 /* PBXTargetDependency */,
			);
			fileSystemSynchronizedGroups = (
				67FB4FA3301BA00200E0AFC2 /* vole-macosUITests */,
			);
			name = "vole-macosUITests";
			packageProductDependencies = (
			);
			productName = "vole-macosUITests";
			productReference = 67FB4FA0301BA00200E0AFC2 /* vole-macosUITests.xctest */;
			productType = "com.apple.product-type.bundle.ui-testing";
		};

		A1HELP88301BA00200E0AFC2 /* VolePrivilegedHelper */ = {
			isa = PBXNativeTarget;
			buildConfigurationList = A1HELPAA301BA00200E0AFC2 /* Build configuration list for PBXNativeTarget "VolePrivilegedHelper" */;
			buildPhases = (
				A1HELP85301BA00200E0AFC2 /* Sources */,
				A1HELP86301BA00200E0AFC2 /* Frameworks */,
			);
			buildRules = (
			);
			dependencies = (
			);
			fileSystemSynchronizedGroups = (
				A1HELP8B301BA00200E0AFC2 /* PrivilegedHelper */,
			);
			name = VolePrivilegedHelper;
			packageProductDependencies = (
			);
			productName = VolePrivilegedHelper;
			productReference = A1HELP89301BA00200E0AFC2 /* VolePrivilegedHelper */;
			productType = "com.apple.product-type.tool";
		};
/* End PBXNativeTarget section */

/* Begin PBXProject section */
		67FB4F81301BA00000E0AFC2 /* Project object */ = {
			isa = PBXProject;
			attributes = {
				BuildIndependentTargetsInParallel = 1;
				LastSwiftUpdateCheck = 2660;
				LastUpgradeCheck = 2660;
				TargetAttributes = {
					67FB4F88301BA00000E0AFC2 = {
						CreatedOnToolsVersion = 26.6;
					};
					A1HELP88301BA00200E0AFC2 = {
						CreatedOnToolsVersion = 26.6;
					};
					67FB4F95301BA00200E0AFC2 = {
						CreatedOnToolsVersion = 26.6;
						TestTargetID = 67FB4F88301BA00000E0AFC2;
					};
					67FB4F9F301BA00200E0AFC2 = {
						CreatedOnToolsVersion = 26.6;
						TestTargetID = 67FB4F88301BA00000E0AFC2;
					};
				};
			};
			buildConfigurationList = 67FB4F84301BA00000E0AFC2 /* Build configuration list for PBXProject "vole-macos" */;
			developmentRegion = en;
			hasScannedForEncodings = 0;
			knownRegions = (
				en,
				Base,
			);
			mainGroup = 67FB4F80301BA00000E0AFC2;
			minimizedProjectReferenceProxies = 1;
			preferredProjectObjectVersion = 77;
			productRefGroup = 67FB4F8A301BA00000E0AFC2 /* Products */;
			projectDirPath = "";
			projectRoot = "";
			targets = (
				67FB4F88301BA00000E0AFC2 /* vole-macos */,
				A1HELP88301BA00200E0AFC2 /* VolePrivilegedHelper */,
				67FB4F95301BA00200E0AFC2 /* vole-macosTests */,
				67FB4F9F301BA00200E0AFC2 /* vole-macosUITests */,
			);
		};
/* End PBXProject section */

/* Begin PBXResourcesBuildPhase section */
		67FB4F87301BA00000E0AFC2 /* Resources */ = {
			isa = PBXResourcesBuildPhase;
			buildActionMask = 2147483647;
			files = (
			);
			runOnlyForDeploymentPostprocessing = 0;
		};
		67FB4F94301BA00200E0AFC2 /* Resources */ = {
			isa = PBXResourcesBuildPhase;
			buildActionMask = 2147483647;
			files = (
			);
			runOnlyForDeploymentPostprocessing = 0;
		};
		67FB4F9E301BA00200E0AFC2 /* Resources */ = {
			isa = PBXResourcesBuildPhase;
			buildActionMask = 2147483647;
			files = (
			);
			runOnlyForDeploymentPostprocessing = 0;
		};
/* End PBXResourcesBuildPhase section */

/* Begin PBXShellScriptBuildPhase section */
		A1EMBED001301BA00200E0AFC2 /* Embed vole sidecar */ = {
			isa = PBXShellScriptBuildPhase;
			alwaysOutOfDate = 1;
			buildActionMask = 2147483647;
			files = (
			);
			inputFileListPaths = (
			);
			inputPaths = (
			);
			name = "Embed vole sidecar";
			outputFileListPaths = (
			);
			outputPaths = (
			);
			runOnlyForDeploymentPostprocessing = 0;
			shellPath = /bin/bash;
			shellScript = "\"${SRCROOT}/scripts/embed-vole.sh\"\n";
		};
/* End PBXShellScriptBuildPhase section */

/* Begin PBXSourcesBuildPhase section */
		67FB4F85301BA00000E0AFC2 /* Sources */ = {
			isa = PBXSourcesBuildPhase;
			buildActionMask = 2147483647;
			files = (
			);
			runOnlyForDeploymentPostprocessing = 0;
		};
		67FB4F92301BA00200E0AFC2 /* Sources */ = {
			isa = PBXSourcesBuildPhase;
			buildActionMask = 2147483647;
			files = (
			);
			runOnlyForDeploymentPostprocessing = 0;
		};
		67FB4F9C301BA00200E0AFC2 /* Sources */ = {
			isa = PBXSourcesBuildPhase;
			buildActionMask = 2147483647;
			files = (
			);
			runOnlyForDeploymentPostprocessing = 0;
		};

		A1HELP85301BA00200E0AFC2 /* Sources */ = {
			isa = PBXSourcesBuildPhase;
			buildActionMask = 2147483647;
			files = (
			);
			runOnlyForDeploymentPostprocessing = 0;
		};
/* End PBXSourcesBuildPhase section */

/* Begin PBXTargetDependency section */
		67FB4F98301BA00200E0AFC2 /* PBXTargetDependency */ = {
			isa = PBXTargetDependency;
			target = 67FB4F88301BA00000E0AFC2 /* vole-macos */;
			targetProxy = 67FB4F97301BA00200E0AFC2 /* PBXContainerItemProxy */;
		};
		67FB4FA2301BA00200E0AFC2 /* PBXTargetDependency */ = {
			isa = PBXTargetDependency;
			target = 67FB4F88301BA00000E0AFC2 /* vole-macos */;
			targetProxy = 67FB4FA1301BA00200E0AFC2 /* PBXContainerItemProxy */;
		};

		A1HELPTD1301BA00200E0AFC2 /* PBXTargetDependency */ = {
			isa = PBXTargetDependency;
			target = A1HELP88301BA00200E0AFC2 /* VolePrivilegedHelper */;
			targetProxy = A1HELPPX1301BA00200E0AFC2 /* PBXContainerItemProxy */;
		};
/* End PBXTargetDependency section */

/* Begin XCBuildConfiguration section */
		67FB4FA8301BA00200E0AFC2 /* Debug */ = {
			isa = XCBuildConfiguration;
			buildSettings = {
				ALWAYS_SEARCH_USER_PATHS = NO;
				ASSETCATALOG_COMPILER_GENERATE_SWIFT_ASSET_SYMBOL_EXTENSIONS = YES;
				CLANG_ANALYZER_NONNULL = YES;
				CLANG_ANALYZER_NUMBER_OBJECT_CONVERSION = YES_AGGRESSIVE;
				CLANG_CXX_LANGUAGE_STANDARD = "gnu++20";
				CLANG_ENABLE_MODULES = YES;
				CLANG_ENABLE_OBJC_ARC = YES;
				CLANG_ENABLE_OBJC_WEAK = YES;
				CLANG_WARN_BLOCK_CAPTURE_AUTORELEASING = YES;
				CLANG_WARN_BOOL_CONVERSION = YES;
				CLANG_WARN_COMMA = YES;
				CLANG_WARN_CONSTANT_CONVERSION = YES;
				CLANG_WARN_DEPRECATED_OBJC_IMPLEMENTATIONS = YES;
				CLANG_WARN_DIRECT_OBJC_ISA_USAGE = YES_ERROR;
				CLANG_WARN_DOCUMENTATION_COMMENTS = YES;
				CLANG_WARN_EMPTY_BODY = YES;
				CLANG_WARN_ENUM_CONVERSION = YES;
				CLANG_WARN_INFINITE_RECURSION = YES;
				CLANG_WARN_INT_CONVERSION = YES;
				CLANG_WARN_NON_LITERAL_NULL_CONVERSION = YES;
				CLANG_WARN_OBJC_IMPLICIT_RETAIN_SELF = YES;
				CLANG_WARN_OBJC_LITERAL_CONVERSION = YES;
				CLANG_WARN_OBJC_ROOT_CLASS = YES_ERROR;
				CLANG_WARN_QUOTED_INCLUDE_IN_FRAMEWORK_HEADER = YES;
				CLANG_WARN_RANGE_LOOP_ANALYSIS = YES;
				CLANG_WARN_STRICT_PROTOTYPES = YES;
				CLANG_WARN_SUSPICIOUS_MOVE = YES;
				CLANG_WARN_UNGUARDED_AVAILABILITY = YES_AGGRESSIVE;
				CLANG_WARN_UNREACHABLE_CODE = YES;
				CLANG_WARN__DUPLICATE_METHOD_MATCH = YES;
				COPY_PHASE_STRIP = NO;
				DEBUG_INFORMATION_FORMAT = dwarf;
				DEVELOPMENT_TEAM = WCYC8XY4V2;
				ENABLE_STRICT_OBJC_MSGSEND = YES;
				ENABLE_TESTABILITY = YES;
				ENABLE_USER_SCRIPT_SANDBOXING = NO;
				GCC_C_LANGUAGE_STANDARD = gnu17;
				GCC_DYNAMIC_NO_PIC = NO;
				GCC_NO_COMMON_BLOCKS = YES;
				GCC_OPTIMIZATION_LEVEL = 0;
				GCC_PREPROCESSOR_DEFINITIONS = (
					"DEBUG=1",
					"$(inherited)",
				);
				GCC_WARN_64_TO_32_BIT_CONVERSION = YES;
				GCC_WARN_ABOUT_RETURN_TYPE = YES_ERROR;
				GCC_WARN_UNDECLARED_SELECTOR = YES;
				GCC_WARN_UNINITIALIZED_AUTOS = YES_AGGRESSIVE;
				GCC_WARN_UNUSED_FUNCTION = YES;
				GCC_WARN_UNUSED_VARIABLE = YES;
				LOCALIZATION_PREFERS_STRING_CATALOGS = YES;
				MACOSX_DEPLOYMENT_TARGET = 26.5;
				MTL_ENABLE_DEBUG_INFO = INCLUDE_SOURCE;
				MTL_FAST_MATH = YES;
				ONLY_ACTIVE_ARCH = YES;
				SDKROOT = macosx;
				SWIFT_ACTIVE_COMPILATION_CONDITIONS = "DEBUG $(inherited)";
				SWIFT_OPTIMIZATION_LEVEL = "-Onone";
			};
			name = Debug;
		};
		67FB4FA9301BA00200E0AFC2 /* Release */ = {
			isa = XCBuildConfiguration;
			buildSettings = {
				ALWAYS_SEARCH_USER_PATHS = NO;
				ASSETCATALOG_COMPILER_GENERATE_SWIFT_ASSET_SYMBOL_EXTENSIONS = YES;
				CLANG_ANALYZER_NONNULL = YES;
				CLANG_ANALYZER_NUMBER_OBJECT_CONVERSION = YES_AGGRESSIVE;
				CLANG_CXX_LANGUAGE_STANDARD = "gnu++20";
				CLANG_ENABLE_MODULES = YES;
				CLANG_ENABLE_OBJC_ARC = YES;
				CLANG_ENABLE_OBJC_WEAK = YES;
				CLANG_WARN_BLOCK_CAPTURE_AUTORELEASING = YES;
				CLANG_WARN_BOOL_CONVERSION = YES;
				CLANG_WARN_COMMA = YES;
				CLANG_WARN_CONSTANT_CONVERSION = YES;
				CLANG_WARN_DEPRECATED_OBJC_IMPLEMENTATIONS = YES;
				CLANG_WARN_DIRECT_OBJC_ISA_USAGE = YES_ERROR;
				CLANG_WARN_DOCUMENTATION_COMMENTS = YES;
				CLANG_WARN_EMPTY_BODY = YES;
				CLANG_WARN_ENUM_CONVERSION = YES;
				CLANG_WARN_INFINITE_RECURSION = YES;
				CLANG_WARN_INT_CONVERSION = YES;
				CLANG_WARN_NON_LITERAL_NULL_CONVERSION = YES;
				CLANG_WARN_OBJC_IMPLICIT_RETAIN_SELF = YES;
				CLANG_WARN_OBJC_LITERAL_CONVERSION = YES;
				CLANG_WARN_OBJC_ROOT_CLASS = YES_ERROR;
				CLANG_WARN_QUOTED_INCLUDE_IN_FRAMEWORK_HEADER = YES;
				CLANG_WARN_RANGE_LOOP_ANALYSIS = YES;
				CLANG_WARN_STRICT_PROTOTYPES = YES;
				CLANG_WARN_SUSPICIOUS_MOVE = YES;
				CLANG_WARN_UNGUARDED_AVAILABILITY = YES_AGGRESSIVE;
				CLANG_WARN_UNREACHABLE_CODE = YES;
				CLANG_WARN__DUPLICATE_METHOD_MATCH = YES;
				COPY_PHASE_STRIP = NO;
				DEBUG_INFORMATION_FORMAT = "dwarf-with-dsym";
				DEVELOPMENT_TEAM = WCYC8XY4V2;
				ENABLE_NS_ASSERTIONS = NO;
				ENABLE_STRICT_OBJC_MSGSEND = YES;
				ENABLE_USER_SCRIPT_SANDBOXING = NO;
				GCC_C_LANGUAGE_STANDARD = gnu17;
				GCC_NO_COMMON_BLOCKS = YES;
				GCC_WARN_64_TO_32_BIT_CONVERSION = YES;
				GCC_WARN_ABOUT_RETURN_TYPE = YES_ERROR;
				GCC_WARN_UNDECLARED_SELECTOR = YES;
				GCC_WARN_UNINITIALIZED_AUTOS = YES_AGGRESSIVE;
				GCC_WARN_UNUSED_FUNCTION = YES;
				GCC_WARN_UNUSED_VARIABLE = YES;
				LOCALIZATION_PREFERS_STRING_CATALOGS = YES;
				MACOSX_DEPLOYMENT_TARGET = 26.5;
				MTL_ENABLE_DEBUG_INFO = NO;
				MTL_FAST_MATH = YES;
				SDKROOT = macosx;
				SWIFT_COMPILATION_MODE = wholemodule;
			};
			name = Release;
		};
		67FB4FAB301BA00200E0AFC2 /* Debug */ = {
			isa = XCBuildConfiguration;
			buildSettings = {
				ASSETCATALOG_COMPILER_APPICON_NAME = AppIcon;
				ASSETCATALOG_COMPILER_GLOBAL_ACCENT_COLOR_NAME = AccentColor;
				CODE_SIGN_STYLE = Automatic;
				COMBINE_HIDPI_IMAGES = YES;
				CURRENT_PROJECT_VERSION = 1;
				DEVELOPMENT_TEAM = WCYC8XY4V2;
				ENABLE_APP_SANDBOX = NO;
				ENABLE_HARDENED_RUNTIME = YES;
				ENABLE_PREVIEWS = YES;
				ENABLE_USER_SELECTED_FILES = readonly;
				GENERATE_INFOPLIST_FILE = YES;
				INFOPLIST_KEY_CFBundleDisplayName = Vole;
				INFOPLIST_KEY_CFBundleName = Vole;
				INFOPLIST_KEY_NSHumanReadableCopyright = "";
				LD_RUNPATH_SEARCH_PATHS = (
					"$(inherited)",
					"@executable_path/../Frameworks",
				);
				MARKETING_VERSION = 0.1.0;
				PRODUCT_BUNDLE_IDENTIFIER = "cn.waytoai.vole-macos";
				PRODUCT_MODULE_NAME = vole_macos;
				PRODUCT_NAME = Vole;
				REGISTER_APP_GROUPS = YES;
				STRING_CATALOG_GENERATE_SYMBOLS = YES;
				SWIFT_APPROACHABLE_CONCURRENCY = YES;
				SWIFT_DEFAULT_ACTOR_ISOLATION = MainActor;
				SWIFT_EMIT_LOC_STRINGS = YES;
				SWIFT_UPCOMING_FEATURE_MEMBER_IMPORT_VISIBILITY = YES;
				SWIFT_VERSION = 5.0;
			};
			name = Debug;
		};
		67FB4FAC301BA00200E0AFC2 /* Release */ = {
			isa = XCBuildConfiguration;
			buildSettings = {
				ASSETCATALOG_COMPILER_APPICON_NAME = AppIcon;
				ASSETCATALOG_COMPILER_GLOBAL_ACCENT_COLOR_NAME = AccentColor;
				CODE_SIGN_STYLE = Automatic;
				COMBINE_HIDPI_IMAGES = YES;
				CURRENT_PROJECT_VERSION = 1;
				DEVELOPMENT_TEAM = WCYC8XY4V2;
				ENABLE_APP_SANDBOX = NO;
				ENABLE_HARDENED_RUNTIME = YES;
				ENABLE_PREVIEWS = YES;
				ENABLE_USER_SELECTED_FILES = readonly;
				GENERATE_INFOPLIST_FILE = YES;
				INFOPLIST_KEY_CFBundleDisplayName = Vole;
				INFOPLIST_KEY_CFBundleName = Vole;
				INFOPLIST_KEY_NSHumanReadableCopyright = "";
				LD_RUNPATH_SEARCH_PATHS = (
					"$(inherited)",
					"@executable_path/../Frameworks",
				);
				MARKETING_VERSION = 0.1.0;
				PRODUCT_BUNDLE_IDENTIFIER = "cn.waytoai.vole-macos";
				PRODUCT_MODULE_NAME = vole_macos;
				PRODUCT_NAME = Vole;
				REGISTER_APP_GROUPS = YES;
				STRING_CATALOG_GENERATE_SYMBOLS = YES;
				SWIFT_APPROACHABLE_CONCURRENCY = YES;
				SWIFT_DEFAULT_ACTOR_ISOLATION = MainActor;
				SWIFT_EMIT_LOC_STRINGS = YES;
				SWIFT_UPCOMING_FEATURE_MEMBER_IMPORT_VISIBILITY = YES;
				SWIFT_VERSION = 5.0;
			};
			name = Release;
		};
		67FB4FAE301BA00200E0AFC2 /* Debug */ = {
			isa = XCBuildConfiguration;
			buildSettings = {
				BUNDLE_LOADER = "$(TEST_HOST)";
				CODE_SIGN_STYLE = Automatic;
				CURRENT_PROJECT_VERSION = 1;
				DEVELOPMENT_TEAM = WCYC8XY4V2;
				GENERATE_INFOPLIST_FILE = YES;
				MACOSX_DEPLOYMENT_TARGET = 26.5;
				MARKETING_VERSION = 1.0;
				PRODUCT_BUNDLE_IDENTIFIER = "cn.waytoai.vole-macosTests";
				PRODUCT_NAME = "$(TARGET_NAME)";
				STRING_CATALOG_GENERATE_SYMBOLS = NO;
				SWIFT_APPROACHABLE_CONCURRENCY = YES;
				SWIFT_EMIT_LOC_STRINGS = NO;
				SWIFT_UPCOMING_FEATURE_MEMBER_IMPORT_VISIBILITY = YES;
				SWIFT_VERSION = 5.0;
				TEST_HOST = "$(BUILT_PRODUCTS_DIR)/Vole.app/$(BUNDLE_EXECUTABLE_FOLDER_PATH)/Vole";
			};
			name = Debug;
		};
		67FB4FAF301BA00200E0AFC2 /* Release */ = {
			isa = XCBuildConfiguration;
			buildSettings = {
				BUNDLE_LOADER = "$(TEST_HOST)";
				CODE_SIGN_STYLE = Automatic;
				CURRENT_PROJECT_VERSION = 1;
				DEVELOPMENT_TEAM = WCYC8XY4V2;
				GENERATE_INFOPLIST_FILE = YES;
				MACOSX_DEPLOYMENT_TARGET = 26.5;
				MARKETING_VERSION = 1.0;
				PRODUCT_BUNDLE_IDENTIFIER = "cn.waytoai.vole-macosTests";
				PRODUCT_NAME = "$(TARGET_NAME)";
				STRING_CATALOG_GENERATE_SYMBOLS = NO;
				SWIFT_APPROACHABLE_CONCURRENCY = YES;
				SWIFT_EMIT_LOC_STRINGS = NO;
				SWIFT_UPCOMING_FEATURE_MEMBER_IMPORT_VISIBILITY = YES;
				SWIFT_VERSION = 5.0;
				TEST_HOST = "$(BUILT_PRODUCTS_DIR)/Vole.app/$(BUNDLE_EXECUTABLE_FOLDER_PATH)/Vole";
			};
			name = Release;
		};
		67FB4FB1301BA00200E0AFC2 /* Debug */ = {
			isa = XCBuildConfiguration;
			buildSettings = {
				CODE_SIGN_STYLE = Automatic;
				CURRENT_PROJECT_VERSION = 1;
				DEVELOPMENT_TEAM = WCYC8XY4V2;
				GENERATE_INFOPLIST_FILE = YES;
				MARKETING_VERSION = 1.0;
				PRODUCT_BUNDLE_IDENTIFIER = "cn.waytoai.vole-macosUITests";
				PRODUCT_NAME = "$(TARGET_NAME)";
				STRING_CATALOG_GENERATE_SYMBOLS = NO;
				SWIFT_APPROACHABLE_CONCURRENCY = YES;
				SWIFT_EMIT_LOC_STRINGS = NO;
				SWIFT_UPCOMING_FEATURE_MEMBER_IMPORT_VISIBILITY = YES;
				SWIFT_VERSION = 5.0;
				TEST_TARGET_NAME = "vole-macos";
			};
			name = Debug;
		};
		67FB4FB2301BA00200E0AFC2 /* Release */ = {
			isa = XCBuildConfiguration;
			buildSettings = {
				CODE_SIGN_STYLE = Automatic;
				CURRENT_PROJECT_VERSION = 1;
				DEVELOPMENT_TEAM = WCYC8XY4V2;
				GENERATE_INFOPLIST_FILE = YES;
				MARKETING_VERSION = 1.0;
				PRODUCT_BUNDLE_IDENTIFIER = "cn.waytoai.vole-macosUITests";
				PRODUCT_NAME = "$(TARGET_NAME)";
				STRING_CATALOG_GENERATE_SYMBOLS = NO;
				SWIFT_APPROACHABLE_CONCURRENCY = YES;
				SWIFT_EMIT_LOC_STRINGS = NO;
				SWIFT_UPCOMING_FEATURE_MEMBER_IMPORT_VISIBILITY = YES;
				SWIFT_VERSION = 5.0;
				TEST_TARGET_NAME = "vole-macos";
			};
			name = Release;
		};

		A1HELPAB301BA00200E0AFC2 /* Debug */ = {
			isa = XCBuildConfiguration;
			buildSettings = {
				CODE_SIGN_STYLE = Automatic;
				DEVELOPMENT_TEAM = WCYC8XY4V2;
				ENABLE_HARDENED_RUNTIME = YES;
				GENERATE_INFOPLIST_FILE = YES;
				MACOSX_DEPLOYMENT_TARGET = 26.5;
				PRODUCT_BUNDLE_IDENTIFIER = "cn.waytoai.vole-macos.helper";
				PRODUCT_NAME = VolePrivilegedHelper;
				SKIP_INSTALL = YES;
				SWIFT_APPROACHABLE_CONCURRENCY = YES;
				SWIFT_DEFAULT_ACTOR_ISOLATION = nonisolated;
				SWIFT_EMIT_LOC_STRINGS = NO;
				SWIFT_UPCOMING_FEATURE_MEMBER_IMPORT_VISIBILITY = YES;
				SWIFT_VERSION = 5.0;
			};
			name = Debug;
		};
		A1HELPAC301BA00200E0AFC2 /* Release */ = {
			isa = XCBuildConfiguration;
			buildSettings = {
				CODE_SIGN_STYLE = Automatic;
				DEVELOPMENT_TEAM = WCYC8XY4V2;
				ENABLE_HARDENED_RUNTIME = YES;
				GENERATE_INFOPLIST_FILE = YES;
				MACOSX_DEPLOYMENT_TARGET = 26.5;
				PRODUCT_BUNDLE_IDENTIFIER = "cn.waytoai.vole-macos.helper";
				PRODUCT_NAME = VolePrivilegedHelper;
				SKIP_INSTALL = YES;
				SWIFT_APPROACHABLE_CONCURRENCY = YES;
				SWIFT_DEFAULT_ACTOR_ISOLATION = nonisolated;
				SWIFT_EMIT_LOC_STRINGS = NO;
				SWIFT_UPCOMING_FEATURE_MEMBER_IMPORT_VISIBILITY = YES;
				SWIFT_VERSION = 5.0;
			};
			name = Release;
		};
/* End XCBuildConfiguration section */

/* Begin XCConfigurationList section */
		67FB4F84301BA00000E0AFC2 /* Build configuration list for PBXProject "vole-macos" */ = {
			isa = XCConfigurationList;
			buildConfigurations = (
				67FB4FA8301BA00200E0AFC2 /* Debug */,
				67FB4FA9301BA00200E0AFC2 /* Release */,
			);
			defaultConfigurationIsVisible = 0;
			defaultConfigurationName = Release;
		};
		67FB4FAA301BA00200E0AFC2 /* Build configuration list for PBXNativeTarget "vole-macos" */ = {
			isa = XCConfigurationList;
			buildConfigurations = (
				67FB4FAB301BA00200E0AFC2 /* Debug */,
				67FB4FAC301BA00200E0AFC2 /* Release */,
			);
			defaultConfigurationIsVisible = 0;
			defaultConfigurationName = Release;
		};
		67FB4FAD301BA00200E0AFC2 /* Build configuration list for PBXNativeTarget "vole-macosTests" */ = {
			isa = XCConfigurationList;
			buildConfigurations = (
				67FB4FAE301BA00200E0AFC2 /* Debug */,
				67FB4FAF301BA00200E0AFC2 /* Release */,
			);
			defaultConfigurationIsVisible = 0;
			defaultConfigurationName = Release;
		};
		67FB4FB0301BA00200E0AFC2 /* Build configuration list for PBXNativeTarget "vole-macosUITests" */ = {
			isa = XCConfigurationList;
			buildConfigurations = (
				67FB4FB1301BA00200E0AFC2 /* Debug */,
				67FB4FB2301BA00200E0AFC2 /* Release */,
			);
			defaultConfigurationIsVisible = 0;
			defaultConfigurationName = Release;
		};

		A1HELPAA301BA00200E0AFC2 /* Build configuration list for PBXNativeTarget "VolePrivilegedHelper" */ = {
			isa = XCConfigurationList;
			buildConfigurations = (
				A1HELPAB301BA00200E0AFC2 /* Debug */,
				A1HELPAC301BA00200E0AFC2 /* Release */,
			);
			defaultConfigurationIsVisible = 0;
			defaultConfigurationName = Release;
		};
/* End XCConfigurationList section */
	};
	rootObject = 67FB4F81301BA00000E0AFC2 /* Project object */;
}
